
Microsoft Visual Studio Solution File, Format Version 12.00
# Visual Studio Version 16
VisualStudioVersion = 16.0.33027.164
MinimumVisualStudioVersion = 10.0.40219.1
Project("{FAE04EC0-301F-11D3-BF4B-00C04F79EFBC}") = "ConsoleApp1", "ConsoleApp1.csproj", "{9EE1B390-5E27-4A6C-881F-9841D4DDA37F}"
EndProject
Global
	GlobalSection(SolutionConfigurationPlatforms) = preSolution
		Debug|Any CPU = Debug|Any CPU
		Release|Any CPU = Release|Any CPU
	EndGlobalSection
	GlobalSection(ProjectConfigurationPlatforms) = postSolution
		{9EE1B390-5E27-4A6C-881F-9841D4DDA37F}.Debug|Any CPU.ActiveCfg = Debug|Any CPU
		{9EE1B390-5E27-4A6C-881F-9841D4DDA37F}.Debug|Any CPU.Build.0 = Debug|Any CPU
		{9EE1B390-5E27-4A6C-881F-9841D4DDA37F}.Release|Any CPU.ActiveCfg = Release|Any CPU
		{9EE1B390-5E27-4A6C-881F-9841D4DDA37F}.Release|Any CPU.Build.0 = Release|Any CPU
	EndGlobalSection
	GlobalSection(SolutionProperties) = preSolution
		HideSolutionNode = FALSE
	EndGlobalSection
	GlobalSection(ExtensibilityGlobals) = postSolution
		SolutionGuid = {005C88DD-9157-4C6A-ABF2-9FEDDDC9AEA8}
	EndGlobalSection
EndGlobal
